
Microsoft Visual Studio Solution File, Format Version 12.00
# Visual Studio 15
VisualStudioVersion = 15.0.27004.2010
MinimumVisualStudioVersion = 10.0.40219.1
Project("{FAE04EC0-301F-11D3-BF4B-00C04F79EFBC}") = "Project", "Project\Project.csproj", "{D0D6732F-BE90-4347-9876-1E4B0BC16567}"
EndProject
Global
	GlobalSection(SolutionConfigurationPlatforms) = preSolution
		Debug|Any CPU = Debug|Any CPU
		Release|Any CPU = Release|Any CPU
	EndGlobalSection
	GlobalSection(ProjectConfigurationPlatforms) = postSolution
		{D0D6732F-BE90-4347-9876-1E4B0BC16567}.Debug|Any CPU.ActiveCfg = Debug|Any CPU
		{D0D6732F-BE90-4347-9876-1E4B0BC16567}.Debug|Any CPU.Build.0 = Debug|Any CPU
		{D0D6732F-BE90-4347-9876-1E4B0BC16567}.Release|Any CPU.ActiveCfg = Release|Any CPU
		{D0D6732F-BE90-4347-9876-1E4B0BC16567}.Release|Any CPU.Build.0 = Release|Any CPU
	EndGlobalSection
	GlobalSection(SolutionProperties) = preSolution
		HideSolutionNode = FALSE
	EndGlobalSection
	GlobalSection(ExtensibilityGlobals) = postSolution
		SolutionGuid = {58F24592-38DE-457F-9CD1-6B9A1FDD175A}
	EndGlobalSection
EndGlobal
